
Microsoft Visual Studio Solution File, Format Version 12.00
# Visual Studio Version 17
VisualStudioVersion = 17.1.32421.90
MinimumVisualStudioVersion = 10.0.40219.1
Project("{FAE04EC0-301F-11D3-BF4B-00C04F79EFBC}") = "testrepo", "testrepo\testrepo.csproj", "{065E4FA0-94AF-4DFA-9A48-E7BDB7D2BFFD}"
EndProject
Global
	GlobalSection(SolutionConfigurationPlatforms) = preSolution
		Debug|Any CPU = Debug|Any CPU
		Release|Any CPU = Release|Any CPU
	EndGlobalSection
	GlobalSection(ProjectConfigurationPlatforms) = postSolution
		{065E4FA0-94AF-4DFA-9A48-E7BDB7D2BFFD}.Debug|Any CPU.ActiveCfg = Debug|Any CPU
		{065E4FA0-94AF-4DFA-9A48-E7BDB7D2BFFD}.Debug|Any CPU.Build.0 = Debug|Any CPU
		{065E4FA0-94AF-4DFA-9A48-E7BDB7D2BFFD}.Release|Any CPU.ActiveCfg = Release|Any CPU
		{065E4FA0-94AF-4DFA-9A48-E7BDB7D2BFFD}.Release|Any CPU.Build.0 = Release|Any CPU
	EndGlobalSection
	GlobalSection(SolutionProperties) = preSolution
		HideSolutionNode = FALSE
	EndGlobalSection
	GlobalSection(ExtensibilityGlobals) = postSolution
		SolutionGuid = {2E68C8B2-13B9-4C27-89E5-39AF85B45E4D}
	EndGlobalSection
EndGlobal
